
Microsoft Visual Studio Solution File, Format Version 12.00
# Visual Studio Version 17
VisualStudioVersion = 17.0.32112.339
MinimumVisualStudioVersion = 10.0.40219.1
Project("{9A19103F-16F7-4668-BE54-9A1E7A4F7556}") = "DirLink", "DirLink.csproj", "{3D36E0B8-2374-449F-A193-099E414F61F5}"
EndProject
Project("{9A19103F-16F7-4668-BE54-9A1E7A4F7556}") = "MVVMUtils", "MVVMUtils\MVVMUtils.csproj", "{0E017312-8D91-4ACB-80DA-1AF9A9D5FE84}"
EndProject
Project("{9A19103F-16F7-4668-BE54-9A1E7A4F7556}") = "WPFUI", "wpfui\WPFUI\WPFUI.csproj", "{1ADC87D1-8963-4100-845A-18477824718E}"
EndProject
Global
	GlobalSection(SolutionConfigurationPlatforms) = preSolution
		Debug|Any CPU = Debug|Any CPU
		Debug|x64 = Debug|x64
		Release|Any CPU = Release|Any CPU
		Release|x64 = Release|x64
	EndGlobalSection
	GlobalSection(ProjectConfigurationPlatforms) = postSolution
		{3D36E0B8-2374-449F-A193-099E414F61F5}.Debug|Any CPU.ActiveCfg = Debug|Any CPU
		{3D36E0B8-2374-449F-A193-099E414F61F5}.Debug|Any CPU.Build.0 = Debug|Any CPU
		{3D36E0B8-2374-449F-A193-099E414F61F5}.Debug|x64.ActiveCfg = Debug|Any CPU
		{3D36E0B8-2374-449F-A193-099E414F61F5}.Debug|x64.Build.0 = Debug|Any CPU
		{3D36E0B8-2374-449F-A193-099E414F61F5}.Release|Any CPU.ActiveCfg = Release|Any CPU
		{3D36E0B8-2374-449F-A193-099E414F61F5}.Release|Any CPU.Build.0 = Release|Any CPU
		{3D36E0B8-2374-449F-A193-099E414F61F5}.Release|x64.ActiveCfg = Release|Any CPU
		{3D36E0B8-2374-449F-A193-099E414F61F5}.Release|x64.Build.0 = Release|Any CPU
		{0E017312-8D91-4ACB-80DA-1AF9A9D5FE84}.Debug|Any CPU.ActiveCfg = Debug|Any CPU
		{0E017312-8D91-4ACB-80DA-1AF9A9D5FE84}.Debug|Any CPU.Build.0 = Debug|Any CPU
		{0E017312-8D91-4ACB-80DA-1AF9A9D5FE84}.Debug|x64.ActiveCfg = Debug|x64
		{0E017312-8D91-4ACB-80DA-1AF9A9D5FE84}.Debug|x64.Build.0 = Debug|x64
		{0E017312-8D91-4ACB-80DA-1AF9A9D5FE84}.Release|Any CPU.ActiveCfg = Release|Any CPU
		{0E017312-8D91-4ACB-80DA-1AF9A9D5FE84}.Release|Any CPU.Build.0 = Release|Any CPU
		{0E017312-8D91-4ACB-80DA-1AF9A9D5FE84}.Release|x64.ActiveCfg = Release|x64
		{0E017312-8D91-4ACB-80DA-1AF9A9D5FE84}.Release|x64.Build.0 = Release|x64
		{1ADC87D1-8963-4100-845A-18477824718E}.Debug|Any CPU.ActiveCfg = Debug|Any CPU
		{1ADC87D1-8963-4100-845A-18477824718E}.Debug|Any CPU.Build.0 = Debug|Any CPU
		{1ADC87D1-8963-4100-845A-18477824718E}.Debug|x64.ActiveCfg = Debug|Any CPU
		{1ADC87D1-8963-4100-845A-18477824718E}.Debug|x64.Build.0 = Debug|Any CPU
		{1ADC87D1-8963-4100-845A-18477824718E}.Release|Any CPU.ActiveCfg = Release|Any CPU
		{1ADC87D1-8963-4100-845A-18477824718E}.Release|Any CPU.Build.0 = Release|Any CPU
		{1ADC87D1-8963-4100-845A-18477824718E}.Release|x64.ActiveCfg = Release|Any CPU
		{1ADC87D1-8963-4100-845A-18477824718E}.Release|x64.Build.0 = Release|Any CPU
	EndGlobalSection
	GlobalSection(SolutionProperties) = preSolution
		HideSolutionNode = FALSE
	EndGlobalSection
	GlobalSection(ExtensibilityGlobals) = postSolution
		SolutionGuid = {927F6243-0008-4D1C-A89A-7921B0E37089}
	EndGlobalSection
EndGlobal
